<?xml version="1.0" encoding="utf-8"?>
<Project ToolsVersion="4.0" xmlns="http://schemas.microsoft.com/developer/msbuild/2003">
  <ItemGroup>
    <ClCompile Include="EventStacks.cpp" />
    <ClCompile Include="Bridge.cpp" />
    <ClCompile Include="tracer.c" />
  </ItemGroup>
  <ItemGroup>
    <ClInclude Include="EventStacks.h" />
    <ClInclude Include="Bridge.h" />
  </ItemGroup>
</Project>